<?xml version="1.0" encoding="utf-8"?>
<Project ToolsVersion="4.0" xmlns="http://schemas.microsoft.com/developer/msbuild/2003">
  <ItemGroup>
    <Filter Include="Source Files">
      <UniqueIdentifier>{4FC737F1-C7A5-4376-A066-2A32D752A2FF}</UniqueIdentifier>
      <Extensions>cpp;c;cc;cxx;def;odl;idl;hpj;bat;asm;asmx</Extensions>
    </Filter>
    <Filter Include="Header Files">
      <UniqueIdentifier>{93995380-89BD-4b04-88EB-625FBE52EBFB}</UniqueIdentifier>
      <Extensions>h;hh;hpp;hxx;hm;inl;inc;ipp;xsd</Extensions>
    </Filter>
    <Filter Include="Resource Files">
      <UniqueIdentifier>{67DA6AB6-F800-4c08-8B7A-83BB121AAD01}</UniqueIdentifier>
      <Extensions>rc;ico;cur;bmp;dlg;rc2;rct;bin;rgs;gif;jpg;jpeg;jpe;resx;tiff;tif;png;wav;mfcribbon-ms</Extensions>
    </Filter>
    <Filter Include="Header Files\Core">
      <UniqueIdentifier>{9ff1b8f1-91b8-4008-81a3-0189e291651a}</UniqueIdentifier>
    </Filter>
    <Filter Include="Source Files\Core">
      <UniqueIdentifier>{17584bf9-9ff9-4fce-a1c7-aca9acd7921d}</UniqueIdentifier>
    </Filter>
    <Filter Include="Shaders">
      <UniqueIdentifier>{dcb18c1f-693a-4fa8-a871-e018e3276fba}</UniqueIdentifier>
    </Filter>
    <Filter Include="Header Files\Graphics">
      <UniqueIdentifier>{4761fa47-710c-46c5-98d6-b8615c52d97e}</UniqueIdentifier>
    </Filter>
    <Filter Include="Source Files\Graphics">
      <UniqueIdentifier>{463cf756-6c7d-4b9e-aa50-6b790c6ea6f3}</UniqueIdentifier>
    </Filter>
    <Filter Include="Header Files\glad">
      <UniqueIdentifier>{e0a3ae9c-66cb-43b4-8e63-4610b305f949}</UniqueIdentifier>
    </Filter>
    <Filter Include="Source Files\glad">
      <UniqueIdentifier>{8f89a964-ddfa-4bf1-a2d1-d85f448b4d00}</UniqueIdentifier>
    </Filter>
    <Filter Include="Header Files\Utility">
      <UniqueIdentifier>{c0cc8951-7acf-47cb-bbc0-3f55fe0471f7}</UniqueIdentifier>
    </Filter>
    <Filter Include="Source Files\Utility">
      <UniqueIdentifier>{07d49b05-92e1-42ce-9fae-5bb676c0e1ab}</UniqueIdentifier>
    </Filter>
    <Filter Include="Header Files\Components">
      <UniqueIdentifier>{bd80bbf7-e1f2-4ab3-9e30-219ae2fae272}</UniqueIdentifier>
    </Filter>
    <Filter Include="Source Files\Components">
      <UniqueIdentifier>{bd6c8005-1dfc-444e-8429-7e29004c44db}</UniqueIdentifier>
    </Filter>
    <Filter Include="Header Files\GameObjects">
      <UniqueIdentifier>{d0663edb-b56d-4d89-872a-4a91ae5e6e2b}</UniqueIdentifier>
    </Filter>
    <Filter Include="Header Files\GameObjects\CustomObjects">
      <UniqueIdentifier>{130f23f7-ddd1-4b15-8b52-b300940054c9}</UniqueIdentifier>
    </Filter>
    <Filter Include="Header Files\GameObjects\CustomObjects\Shapes">
      <UniqueIdentifier>{b71c72c9-3670-41ac-a497-1b922e744922}</UniqueIdentifier>
    </Filter>
    <Filter Include="Source Files\GameObjects">
      <UniqueIdentifier>{a678eaf9-feec-4023-a5ff-1f16aec0a6e4}</UniqueIdentifier>
    </Filter>
    <Filter Include="Source Files\GameObjects\CustomObjects">
      <UniqueIdentifier>{a117ff6f-4c8b-4ba8-ad02-ec52c473ff59}</UniqueIdentifier>
    </Filter>
    <Filter Include="Source Files\GameObjects\CustomObjects\Shapes">
      <UniqueIdentifier>{fa26c6c0-c163-4081-8348-200e60fedb9c}</UniqueIdentifier>
    </Filter>
    <Filter Include="Header Files\GameObjects\Core">
      <UniqueIdentifier>{02d15143-b171-45a3-b4cd-cbf90af924b6}</UniqueIdentifier>
    </Filter>
    <Filter Include="Source Files\GameObjects\Core">
      <UniqueIdentifier>{3edfd176-2d2f-4aff-a3bc-887de05be856}</UniqueIdentifier>
    </Filter>
  </ItemGroup>
  <ItemGroup>
    <ClCompile Include="Main.cpp">
      <Filter>Source Files\Core</Filter>
    </ClCompile>
    <ClCompile Include="Screen.cpp">
      <Filter>Source Files\Core</Filter>
    </ClCompile>
    <ClCompile Include="Input.cpp">
      <Filter>Source Files\Core</Filter>
    </ClCompile>
    <ClCompile Include="Shader.cpp">
      <Filter>Source Files\Graphics</Filter>
    </ClCompile>
    <ClCompile Include="glad.c">
      <Filter>Source Files\glad</Filter>
    </ClCompile>
    <ClCompile Include="Buffer.cpp">
      <Filter>Source Files\Graphics</Filter>
    </ClCompile>
    <ClCompile Include="Cube.cpp">
      <Filter>Source Files\GameObjects\CustomObjects\Shapes</Filter>
    </ClCompile>
    <ClCompile Include="Camera.cpp">
      <Filter>Source Files\Graphics</Filter>
    </ClCompile>
    <ClCompile Include="Debug.cpp">
      <Filter>Source Files\Utility</Filter>
    </ClCompile>
    <ClCompile Include="GLError.cpp">
      <Filter>Source Files\Utility</Filter>
    </ClCompile>
    <ClCompile Include="Grid.cpp">
      <Filter>Source Files\GameObjects\CustomObjects\Shapes</Filter>
    </ClCompile>
    <ClCompile Include="App.cpp">
      <Filter>Source Files\Core</Filter>
    </ClCompile>
    <ClCompile Include="Texture.cpp">
      <Filter>Source Files\Components</Filter>
    </ClCompile>
    <ClCompile Include="Quad.cpp">
      <Filter>Source Files\GameObjects\CustomObjects\Shapes</Filter>
    </ClCompile>
    <ClCompile Include="Model.cpp">
      <Filter>Source Files\Components</Filter>
    </ClCompile>
    <ClCompile Include="Tools.cpp">
      <Filter>Source Files\Utility</Filter>
    </ClCompile>
    <ClCompile Include="Light.cpp">
      <Filter>Source Files\Graphics</Filter>
    </ClCompile>
    <ClCompile Include="Material.cpp">
      <Filter>Source Files\Components</Filter>
    </ClCompile>
  </ItemGroup>
  <ItemGroup>
    <ClInclude Include="Screen.h">
      <Filter>Header Files\Core</Filter>
    </ClInclude>
    <ClInclude Include="Input.h">
      <Filter>Header Files\Core</Filter>
    </ClInclude>
    <ClInclude Include="Shader.h">
      <Filter>Header Files\Graphics</Filter>
    </ClInclude>
    <ClInclude Include="glad.h">
      <Filter>Header Files\glad</Filter>
    </ClInclude>
    <ClInclude Include="khrplatform.h">
      <Filter>Header Files\glad</Filter>
    </ClInclude>
    <ClInclude Include="Buffer.h">
      <Filter>Header Files\Graphics</Filter>
    </ClInclude>
    <ClInclude Include="Cube.h">
      <Filter>Header Files\GameObjects\CustomObjects\Shapes</Filter>
    </ClInclude>
    <ClInclude Include="Camera.h">
      <Filter>Header Files\Graphics</Filter>
    </ClInclude>
    <ClInclude Include="Debug.h">
      <Filter>Header Files\Utility</Filter>
    </ClInclude>
    <ClInclude Include="GLError.h">
      <Filter>Header Files\Utility</Filter>
    </ClInclude>
    <ClInclude Include="Grid.h">
      <Filter>Header Files\GameObjects\CustomObjects\Shapes</Filter>
    </ClInclude>
    <ClInclude Include="App.h">
      <Filter>Header Files\Core</Filter>
    </ClInclude>
    <ClInclude Include="Texture.h">
      <Filter>Header Files\Components</Filter>
    </ClInclude>
    <ClInclude Include="Quad.h">
      <Filter>Header Files\GameObjects\CustomObjects\Shapes</Filter>
    </ClInclude>
    <ClInclude Include="GameObject.h">
      <Filter>Header Files\GameObjects\Core</Filter>
    </ClInclude>
    <ClInclude Include="Model.h">
      <Filter>Header Files\Components</Filter>
    </ClInclude>
    <ClInclude Include="Tools.h">
      <Filter>Header Files\Utility</Filter>
    </ClInclude>
    <ClInclude Include="Light.h">
      <Filter>Header Files\Graphics</Filter>
    </ClInclude>
    <ClInclude Include="Material.h">
      <Filter>Header Files\Components</Filter>
    </ClInclude>
  </ItemGroup>
  <ItemGroup>
    <None Include="Assets\Shaders\main.vert">
      <Filter>Shaders</Filter>
    </None>
    <None Include="Assets\Shaders\main.frag">
      <Filter>Shaders</Filter>
    </None>
  </ItemGroup>
</Project>